// !$*UTF8*$!
{
	archiveVersion = 1;
	classes = {
	};
	objectVersion = 48;
	objects = {

/* Begin PBXBuildFile section */
		1C2FB3922032EAFF0045AC88 /* AppDelegate.swift in Sources */ = {isa = PBXBuildFile; fileRef = 1C2FB3912032EAFF0045AC88 /* AppDelegate.swift */; };
		1C2FB3942032EAFF0045AC88 /* ViewController.swift in Sources */ = {isa = PBXBuildFile; fileRef = 1C2FB3932032EAFF0045AC88 /* ViewController.swift */; };
		1C2FB3972032EAFF0045AC88 /* Main.storyboard in Resources */ = {isa = PBXBuildFile; fileRef = 1C2FB3952032EAFF0045AC88 /* Main.storyboard */; };
		1C2FB3992032EAFF0045AC88 /* Assets.xcassets in Resources */ = {isa = PBXBuildFile; fileRef = 1C2FB3982032EAFF0045AC88 /* Assets.xcassets */; };
		1C2FB39C2032EAFF0045AC88 /* LaunchScreen.storyboard in Resources */ = {isa = PBXBuildFile; fileRef = 1C2FB39A2032EAFF0045AC88 /* LaunchScreen.storyboard */; };
		1C2FB3A72032EAFF0045AC88 /* testAmazonRekognitionSearchFaceTests.swift in Sources */ = {isa = PBXBuildFile; fileRef = 1C2FB3A62032EAFF0045AC88 /* testAmazonRekognitionSearchFaceTests.swift */; };
		1C2FB3B22032EAFF0045AC88 /* testAmazonRekognitionSearchFaceUITests.swift in Sources */ = {isa = PBXBuildFile; fileRef = 1C2FB3B12032EAFF0045AC88 /* testAmazonRekognitionSearchFaceUITests.swift */; };
		1C2FB3C02032EDA20045AC88 /* ExtensionAppDelegate.swift in Sources */ = {isa = PBXBuildFile; fileRef = 1C2FB3BF2032EDA20045AC88 /* ExtensionAppDelegate.swift */; };
		1C2FB3C22032EE390045AC88 /* ExtensionViewController.swift in Sources */ = {isa = PBXBuildFile; fileRef = 1C2FB3C12032EE390045AC88 /* ExtensionViewController.swift */; };
		83F5A3100B6C5DC40CC0D928 /* Pods_testAmazonRekognitionSearchFace.framework in Frameworks */ = {isa = PBXBuildFile; fileRef = E148AA26314BC9D9D74DF265 /* Pods_testAmazonRekognitionSearchFace.framework */; };
		8813FEF3A4A3540002F5FDF0 /* Pods_testAmazonRekognitionSearchFaceUITests.framework in Frameworks */ = {isa = PBXBuildFile; fileRef = 3FBDE7420A185FEA11D3E428 /* Pods_testAmazonRekognitionSearchFaceUITests.framework */; };
		8B2E741028574D305E4BF8F8 /* Pods_testAmazonRekognitionSearchFaceTests.framework in Frameworks */ = {isa = PBXBuildFile; fileRef = 2C61CA971C576A3A88EE065C /* Pods_testAmazonRekognitionSearchFaceTests.framework */; };
/* End PBXBuildFile section */

/* Begin PBXContainerItemProxy section */
		1C2FB3A32032EAFF0045AC88 /* PBXContainerItemProxy */ = {
			isa = PBXContainerItemProxy;
			containerPortal = 1C2FB3862032EAFF0045AC88 /* Project object */;
			proxyType = 1;
			remoteGlobalIDString = 1C2FB38D2032EAFF0045AC88;
			remoteInfo = testAmazonRekognitionSearchFace;
		};
		1C2FB3AE2032EAFF0045AC88 /* PBXContainerItemProxy */ = {
			isa = PBXContainerItemProxy;
			containerPortal = 1C2FB3862032EAFF0045AC88 /* Project object */;
			proxyType = 1;
			remoteGlobalIDString = 1C2FB38D2032EAFF0045AC88;
			remoteInfo = testAmazonRekognitionSearchFace;
		};
/* End PBXContainerItemProxy section */

/* Begin PBXFileReference section */
		153F396DB3E877FF375FA0CF /* Pods-testAmazonRekognitionSearchFaceTests.release.xcconfig */ = {isa = PBXFileReference; includeInIndex = 1; lastKnownFileType = text.xcconfig; name = "Pods-testAmazonRekognitionSearchFaceTests.release.xcconfig"; path = "Pods/Target Support Files/Pods-testAmazonRekognitionSearchFaceTests/Pods-testAmazonRekognitionSearchFaceTests.release.xcconfig"; sourceTree = "<group>"; };
		1C2FB38E2032EAFF0045AC88 /* testAmazonRekognitionSearchFace.app */ = {isa = PBXFileReference; explicitFileType = wrapper.application; includeInIndex = 0; path = testAmazonRekognitionSearchFace.app; sourceTree = BUILT_PRODUCTS_DIR; };
		1C2FB3912032EAFF0045AC88 /* AppDelegate.swift */ = {isa = PBXFileReference; lastKnownFileType = sourcecode.swift; path = AppDelegate.swift; sourceTree = "<group>"; };
		1C2FB3932032EAFF0045AC88 /* ViewController.swift */ = {isa = PBXFileReference; lastKnownFileType = sourcecode.swift; path = ViewController.swift; sourceTree = "<group>"; };
		1C2FB3962032EAFF0045AC88 /* Base */ = {isa = PBXFileReference; lastKnownFileType = file.storyboard; name = Base; path = Base.lproj/Main.storyboard; sourceTree = "<group>"; };
		1C2FB3982032EAFF0045AC88 /* Assets.xcassets */ = {isa = PBXFileReference; lastKnownFileType = folder.assetcatalog; path = Assets.xcassets; sourceTree = "<group>"; };
		1C2FB39B2032EAFF0045AC88 /* Base */ = {isa = PBXFileReference; lastKnownFileType = file.storyboard; name = Base; path = Base.lproj/LaunchScreen.storyboard; sourceTree = "<group>"; };
		1C2FB39D2032EAFF0045AC88 /* Info.plist */ = {isa = PBXFileReference; lastKnownFileType = text.plist.xml; path = Info.plist; sourceTree = "<group>"; };
		1C2FB3A22032EAFF0045AC88 /* testAmazonRekognitionSearchFaceTests.xctest */ = {isa = PBXFileReference; explicitFileType = wrapper.cfbundle; includeInIndex = 0; path = testAmazonRekognitionSearchFaceTests.xctest; sourceTree = BUILT_PRODUCTS_DIR; };
		1C2FB3A62032EAFF0045AC88 /* testAmazonRekognitionSearchFaceTests.swift */ = {isa = PBXFileReference; lastKnownFileType = sourcecode.swift; path = testAmazonRekognitionSearchFaceTests.swift; sourceTree = "<group>"; };
		1C2FB3A82032EAFF0045AC88 /* Info.plist */ = {isa = PBXFileReference; lastKnownFileType = text.plist.xml; path = Info.plist; sourceTree = "<group>"; };
		1C2FB3AD2032EAFF0045AC88 /* testAmazonRekognitionSearchFaceUITests.xctest */ = {isa = PBXFileReference; explicitFileType = wrapper.cfbundle; includeInIndex = 0; path = testAmazonRekognitionSearchFaceUITests.xctest; sourceTree = BUILT_PRODUCTS_DIR; };
		1C2FB3B12032EAFF0045AC88 /* testAmazonRekognitionSearchFaceUITests.swift */ = {isa = PBXFileReference; lastKnownFileType = sourcecode.swift; path = testAmazonRekognitionSearchFaceUITests.swift; sourceTree = "<group>"; };
		1C2FB3B32032EAFF0045AC88 /* Info.plist */ = {isa = PBXFileReference; lastKnownFileType = text.plist.xml; path = Info.plist; sourceTree = "<group>"; };
		1C2FB3BF2032EDA20045AC88 /* ExtensionAppDelegate.swift */ = {isa = PBXFileReference; lastKnownFileType = sourcecode.swift; path = ExtensionAppDelegate.swift; sourceTree = "<group>"; };
		1C2FB3C12032EE390045AC88 /* ExtensionViewController.swift */ = {isa = PBXFileReference; lastKnownFileType = sourcecode.swift; path = ExtensionViewController.swift; sourceTree = "<group>"; };
		268FA90928BC3BF38A2BC223 /* Pods-testAmazonRekognitionSearchFaceUITests.release.xcconfig */ = {isa = PBXFileReference; includeInIndex = 1; lastKnownFileType = text.xcconfig; name = "Pods-testAmazonRekognitionSearchFaceUITests.release.xcconfig"; path = "Pods/Target Support Files/Pods-testAmazonRekognitionSearchFaceUITests/Pods-testAmazonRekognitionSearchFaceUITests.release.xcconfig"; sourceTree = "<group>"; };
		2C61CA971C576A3A88EE065C /* Pods_testAmazonRekognitionSearchFaceTests.framework */ = {isa = PBXFileReference; explicitFileType = wrapper.framework; includeInIndex = 0; path = Pods_testAmazonRekognitionSearchFaceTests.framework; sourceTree = BUILT_PRODUCTS_DIR; };
		3FBDE7420A185FEA11D3E428 /* Pods_testAmazonRekognitionSearchFaceUITests.framework */ = {isa = PBXFileReference; explicitFileType = wrapper.framework; includeInIndex = 0; path = Pods_testAmazonRekognitionSearchFaceUITests.framework; sourceTree = BUILT_PRODUCTS_DIR; };
		46F9F19E6356C8FDA16BDD25 /* Pods-testAmazonRekognitionSearchFaceTests.debug.xcconfig */ = {isa = PBXFileReference; includeInIndex = 1; lastKnownFileType = text.xcconfig; name = "Pods-testAmazonRekognitionSearchFaceTests.debug.xcconfig"; path = "Pods/Target Support Files/Pods-testAmazonRekognitionSearchFaceTests/Pods-testAmazonRekognitionSearchFaceTests.debug.xcconfig"; sourceTree = "<group>"; };
		57A3D9829C5577283F1CEF65 /* Pods-testAmazonRekognitionSearchFace.debug.xcconfig */ = {isa = PBXFileReference; includeInIndex = 1; lastKnownFileType = text.xcconfig; name = "Pods-testAmazonRekognitionSearchFace.debug.xcconfig"; path = "Pods/Target Support Files/Pods-testAmazonRekognitionSearchFace/Pods-testAmazonRekognitionSearchFace.debug.xcconfig"; sourceTree = "<group>"; };
		C446656D2B4D2E386ED2D053 /* Pods-testAmazonRekognitionSearchFace.release.xcconfig */ = {isa = PBXFileReference; includeInIndex = 1; lastKnownFileType = text.xcconfig; name = "Pods-testAmazonRekognitionSearchFace.release.xcconfig"; path = "Pods/Target Support Files/Pods-testAmazonRekognitionSearchFace/Pods-testAmazonRekognitionSearchFace.release.xcconfig"; sourceTree = "<group>"; };
		E148AA26314BC9D9D74DF265 /* Pods_testAmazonRekognitionSearchFace.framework */ = {isa = PBXFileReference; explicitFileType = wrapper.framework; includeInIndex = 0; path = Pods_testAmazonRekognitionSearchFace.framework; sourceTree = BUILT_PRODUCTS_DIR; };
		E3D60E699542B111B948B8EE /* Pods-testAmazonRekognitionSearchFaceUITests.debug.xcconfig */ = {isa = PBXFileReference; includeInIndex = 1; lastKnownFileType = text.xcconfig; name = "Pods-testAmazonRekognitionSearchFaceUITests.debug.xcconfig"; path = "Pods/Target Support Files/Pods-testAmazonRekognitionSearchFaceUITests/Pods-testAmazonRekognitionSearchFaceUITests.debug.xcconfig"; sourceTree = "<group>"; };
/* End PBXFileReference section */

/* Begin PBXFrameworksBuildPhase section */
		1C2FB38B2032EAFF0045AC88 /* Frameworks */ = {
			isa = PBXFrameworksBuildPhase;
			buildActionMask = 2147483647;
			files = (
				83F5A3100B6C5DC40CC0D928 /* Pods_testAmazonRekognitionSearchFace.framework in Frameworks */,
			);
			runOnlyForDeploymentPostprocessing = 0;
		};
		1C2FB39F2032EAFF0045AC88 /* Frameworks */ = {
			isa = PBXFrameworksBuildPhase;
			buildActionMask = 2147483647;
			files = (
				8B2E741028574D305E4BF8F8 /* Pods_testAmazonRekognitionSearchFaceTests.framework in Frameworks */,
			);
			runOnlyForDeploymentPostprocessing = 0;
		};
		1C2FB3AA2032EAFF0045AC88 /* Frameworks */ = {
			isa = PBXFrameworksBuildPhase;
			buildActionMask = 2147483647;
			files = (
				8813FEF3A4A3540002F5FDF0 /* Pods_testAmazonRekognitionSearchFaceUITests.framework in Frameworks */,
			);
			runOnlyForDeploymentPostprocessing = 0;
		};
/* End PBXFrameworksBuildPhase section */

/* Begin PBXGroup section */
		1C2FB3852032EAFF0045AC88 = {
			isa = PBXGroup;
			children = (
				1C2FB3902032EAFF0045AC88 /* testAmazonRekognitionSearchFace */,
				1C2FB3A52032EAFF0045AC88 /* testAmazonRekognitionSearchFaceTests */,
				1C2FB3B02032EAFF0045AC88 /* testAmazonRekognitionSearchFaceUITests */,
				1C2FB38F2032EAFF0045AC88 /* Products */,
				EEE68FB2B9D3CD3164F90188 /* Pods */,
				4F96D802E9B1B1B5FD57D702 /* Frameworks */,
			);
			sourceTree = "<group>";
		};
		1C2FB38F2032EAFF0045AC88 /* Products */ = {
			isa = PBXGroup;
			children = (
				1C2FB38E2032EAFF0045AC88 /* testAmazonRekognitionSearchFace.app */,
				1C2FB3A22032EAFF0045AC88 /* testAmazonRekognitionSearchFaceTests.xctest */,
				1C2FB3AD2032EAFF0045AC88 /* testAmazonRekognitionSearchFaceUITests.xctest */,
			);
			name = Products;
			sourceTree = "<group>";
		};
		1C2FB3902032EAFF0045AC88 /* testAmazonRekognitionSearchFace */ = {
			isa = PBXGroup;
			children = (
				1C2FB3912032EAFF0045AC88 /* AppDelegate.swift */,
				1C2FB3932032EAFF0045AC88 /* ViewController.swift */,
				1C2FB3952032EAFF0045AC88 /* Main.storyboard */,
				1C2FB3982032EAFF0045AC88 /* Assets.xcassets */,
				1C2FB39A2032EAFF0045AC88 /* LaunchScreen.storyboard */,
				1C2FB39D2032EAFF0045AC88 /* Info.plist */,
				1C2FB3BF2032EDA20045AC88 /* ExtensionAppDelegate.swift */,
				1C2FB3C12032EE390045AC88 /* ExtensionViewController.swift */,
			);
			path = testAmazonRekognitionSearchFace;
			sourceTree = "<group>";
		};
		1C2FB3A52032EAFF0045AC88 /* testAmazonRekognitionSearchFaceTests */ = {
			isa = PBXGroup;
			children = (
				1C2FB3A62032EAFF0045AC88 /* testAmazonRekognitionSearchFaceTests.swift */,
				1C2FB3A82032EAFF0045AC88 /* Info.plist */,
			);
			path = testAmazonRekognitionSearchFaceTests;
			sourceTree = "<group>";
		};
		1C2FB3B02032EAFF0045AC88 /* testAmazonRekognitionSearchFaceUITests */ = {
			isa = PBXGroup;
			children = (
				1C2FB3B12032EAFF0045AC88 /* testAmazonRekognitionSearchFaceUITests.swift */,
				1C2FB3B32032EAFF0045AC88 /* Info.plist */,
			);
			path = testAmazonRekognitionSearchFaceUITests;
			sourceTree = "<group>";
		};
		4F96D802E9B1B1B5FD57D702 /* Frameworks */ = {
			isa = PBXGroup;
			children = (
				E148AA26314BC9D9D74DF265 /* Pods_testAmazonRekognitionSearchFace.framework */,
				2C61CA971C576A3A88EE065C /* Pods_testAmazonRekognitionSearchFaceTests.framework */,
				3FBDE7420A185FEA11D3E428 /* Pods_testAmazonRekognitionSearchFaceUITests.framework */,
			);
			name = Frameworks;
			sourceTree = "<group>";
		};
		EEE68FB2B9D3CD3164F90188 /* Pods */ = {
			isa = PBXGroup;
			children = (
				57A3D9829C5577283F1CEF65 /* Pods-testAmazonRekognitionSearchFace.debug.xcconfig */,
				C446656D2B4D2E386ED2D053 /* Pods-testAmazonRekognitionSearchFace.release.xcconfig */,
				46F9F19E6356C8FDA16BDD25 /* Pods-testAmazonRekognitionSearchFaceTests.debug.xcconfig */,
				153F396DB3E877FF375FA0CF /* Pods-testAmazonRekognitionSearchFaceTests.release.xcconfig */,
				E3D60E699542B111B948B8EE /* Pods-testAmazonRekognitionSearchFaceUITests.debug.xcconfig */,
				268FA90928BC3BF38A2BC223 /* Pods-testAmazonRekognitionSearchFaceUITests.release.xcconfig */,
			);
			name = Pods;
			sourceTree = "<group>";
		};
/* End PBXGroup section */

/* Begin PBXNativeTarget section */
		1C2FB38D2032EAFF0045AC88 /* testAmazonRekognitionSearchFace */ = {
			isa = PBXNativeTarget;
			buildConfigurationList = 1C2FB3B62032EAFF0045AC88 /* Build configuration list for PBXNativeTarget "testAmazonRekognitionSearchFace" */;
			buildPhases = (
				8A9B6E48CC0F48F1D0B3846D /* [CP] Check Pods Manifest.lock */,
				1C2FB38A2032EAFF0045AC88 /* Sources */,
				1C2FB38B2032EAFF0045AC88 /* Frameworks */,
				1C2FB38C2032EAFF0045AC88 /* Resources */,
				7BA5675A9439DCD20DF56B94 /* [CP] Embed Pods Frameworks */,
				648AFCF8043E33E8C7F23421 /* [CP] Copy Pods Resources */,
			);
			buildRules = (
			);
			dependencies = (
			);
			name = testAmazonRekognitionSearchFace;
			productName = testAmazonRekognitionSearchFace;
			productReference = 1C2FB38E2032EAFF0045AC88 /* testAmazonRekognitionSearchFace.app */;
			productType = "com.apple.product-type.application";
		};
		1C2FB3A12032EAFF0045AC88 /* testAmazonRekognitionSearchFaceTests */ = {
			isa = PBXNativeTarget;
			buildConfigurationList = 1C2FB3B92032EAFF0045AC88 /* Build configuration list for PBXNativeTarget "testAmazonRekognitionSearchFaceTests" */;
			buildPhases = (
				B816731635F2D03616D4B979 /* [CP] Check Pods Manifest.lock */,
				1C2FB39E2032EAFF0045AC88 /* Sources */,
				1C2FB39F2032EAFF0045AC88 /* Frameworks */,
				1C2FB3A02032EAFF0045AC88 /* Resources */,
				F1E4B340FD4FDCDA2A1502A5 /* [CP] Embed Pods Frameworks */,
				82411D8AA19F98044988533C /* [CP] Copy Pods Resources */,
			);
			buildRules = (
			);
			dependencies = (
				1C2FB3A42032EAFF0045AC88 /* PBXTargetDependency */,
			);
			name = testAmazonRekognitionSearchFaceTests;
			productName = testAmazonRekognitionSearchFaceTests;
			productReference = 1C2FB3A22032EAFF0045AC88 /* testAmazonRekognitionSearchFaceTests.xctest */;
			productType = "com.apple.product-type.bundle.unit-test";
		};
		1C2FB3AC2032EAFF0045AC88 /* testAmazonRekognitionSearchFaceUITests */ = {
			isa = PBXNativeTarget;
			buildConfigurationList = 1C2FB3BC2032EAFF0045AC88 /* Build configuration list for PBXNativeTarget "testAmazonRekognitionSearchFaceUITests" */;
			buildPhases = (
				A717218ACEC4A1605368974D /* [CP] Check Pods Manifest.lock */,
				1C2FB3A92032EAFF0045AC88 /* Sources */,
				1C2FB3AA2032EAFF0045AC88 /* Frameworks */,
				1C2FB3AB2032EAFF0045AC88 /* Resources */,
				3EDB645210E548081C2B706A /* [CP] Embed Pods Frameworks */,
				83334795AD4B2A5D2A4F0F99 /* [CP] Copy Pods Resources */,
			);
			buildRules = (
			);
			dependencies = (
				1C2FB3AF2032EAFF0045AC88 /* PBXTargetDependency */,
			);
			name = testAmazonRekognitionSearchFaceUITests;
			productName = testAmazonRekognitionSearchFaceUITests;
			productReference = 1C2FB3AD2032EAFF0045AC88 /* testAmazonRekognitionSearchFaceUITests.xctest */;
			productType = "com.apple.product-type.bundle.ui-testing";
		};
/* End PBXNativeTarget section */

/* Begin PBXProject section */
		1C2FB3862032EAFF0045AC88 /* Project object */ = {
			isa = PBXProject;
			attributes = {
				LastSwiftUpdateCheck = 0920;
				LastUpgradeCheck = 0920;
				ORGANIZATIONNAME = osu;
				TargetAttributes = {
					1C2FB38D2032EAFF0045AC88 = {
						CreatedOnToolsVersion = 9.2;
						ProvisioningStyle = Automatic;
					};
					1C2FB3A12032EAFF0045AC88 = {
						CreatedOnToolsVersion = 9.2;
						ProvisioningStyle = Automatic;
						TestTargetID = 1C2FB38D2032EAFF0045AC88;
					};
					1C2FB3AC2032EAFF0045AC88 = {
						CreatedOnToolsVersion = 9.2;
						ProvisioningStyle = Automatic;
						TestTargetID = 1C2FB38D2032EAFF0045AC88;
					};
				};
			};
			buildConfigurationList = 1C2FB3892032EAFF0045AC88 /* Build configuration list for PBXProject "testAmazonRekognitionSearchFace" */;
			compatibilityVersion = "Xcode 8.0";
			developmentRegion = en;
			hasScannedForEncodings = 0;
			knownRegions = (
				en,
				Base,
			);
			mainGroup = 1C2FB3852032EAFF0045AC88;
			productRefGroup = 1C2FB38F2032EAFF0045AC88 /* Products */;
			projectDirPath = "";
			projectRoot = "";
			targets = (
				1C2FB38D2032EAFF0045AC88 /* testAmazonRekognitionSearchFace */,
				1C2FB3A12032EAFF0045AC88 /* testAmazonRekognitionSearchFaceTests */,
				1C2FB3AC2032EAFF0045AC88 /* testAmazonRekognitionSearchFaceUITests */,
			);
		};
/* End PBXProject section */

/* Begin PBXResourcesBuildPhase section */
		1C2FB38C2032EAFF0045AC88 /* Resources */ = {
			isa = PBXResourcesBuildPhase;
			buildActionMask = 2147483647;
			files = (
				1C2FB39C2032EAFF0045AC88 /* LaunchScreen.storyboard in Resources */,
				1C2FB3992032EAFF0045AC88 /* Assets.xcassets in Resources */,
				1C2FB3972032EAFF0045AC88 /* Main.storyboard in Resources */,
			);
			runOnlyForDeploymentPostprocessing = 0;
		};
		1C2FB3A02032EAFF0045AC88 /* Resources */ = {
			isa = PBXResourcesBuildPhase;
			buildActionMask = 2147483647;
			files = (
			);
			runOnlyForDeploymentPostprocessing = 0;
		};
		1C2FB3AB2032EAFF0045AC88 /* Resources */ = {
			isa = PBXResourcesBuildPhase;
			buildActionMask = 2147483647;
			files = (
			);
			runOnlyForDeploymentPostprocessing = 0;
		};
/* End PBXResourcesBuildPhase section */

/* Begin PBXShellScriptBuildPhase section */
		3EDB645210E548081C2B706A /* [CP] Embed Pods Frameworks */ = {
			isa = PBXShellScriptBuildPhase;
			buildActionMask = 2147483647;
			files = (
			);
			inputPaths = (
			);
			name = "[CP] Embed Pods Frameworks";
			outputPaths = (
			);
			runOnlyForDeploymentPostprocessing = 0;
			shellPath = /bin/sh;
			shellScript = "\"${SRCROOT}/Pods/Target Support Files/Pods-testAmazonRekognitionSearchFaceUITests/Pods-testAmazonRekognitionSearchFaceUITests-frameworks.sh\"\n";
			showEnvVarsInLog = 0;
		};
		648AFCF8043E33E8C7F23421 /* [CP] Copy Pods Resources */ = {
			isa = PBXShellScriptBuildPhase;
			buildActionMask = 2147483647;
			files = (
			);
			inputPaths = (
			);
			name = "[CP] Copy Pods Resources";
			outputPaths = (
			);
			runOnlyForDeploymentPostprocessing = 0;
			shellPath = /bin/sh;
			shellScript = "\"${SRCROOT}/Pods/Target Support Files/Pods-testAmazonRekognitionSearchFace/Pods-testAmazonRekognitionSearchFace-resources.sh\"\n";
			showEnvVarsInLog = 0;
		};
		7BA5675A9439DCD20DF56B94 /* [CP] Embed Pods Frameworks */ = {
			isa = PBXShellScriptBuildPhase;
			buildActionMask = 2147483647;
			files = (
			);
			inputPaths = (
				"${SRCROOT}/Pods/Target Support Files/Pods-testAmazonRekognitionSearchFace/Pods-testAmazonRekognitionSearchFace-frameworks.sh",
				"${BUILT_PRODUCTS_DIR}/AWSCore/AWSCore.framework",
				"${BUILT_PRODUCTS_DIR}/AWSRekognition/AWSRekognition.framework",
			);
			name = "[CP] Embed Pods Frameworks";
			outputPaths = (
				"${TARGET_BUILD_DIR}/${FRAMEWORKS_FOLDER_PATH}/AWSCore.framework",
				"${TARGET_BUILD_DIR}/${FRAMEWORKS_FOLDER_PATH}/AWSRekognition.framework",
			);
			runOnlyForDeploymentPostprocessing = 0;
			shellPath = /bin/sh;
			shellScript = "\"${SRCROOT}/Pods/Target Support Files/Pods-testAmazonRekognitionSearchFace/Pods-testAmazonRekognitionSearchFace-frameworks.sh\"\n";
			showEnvVarsInLog = 0;
		};
		82411D8AA19F98044988533C /* [CP] Copy Pods Resources */ = {
			isa = PBXShellScriptBuildPhase;
			buildActionMask = 2147483647;
			files = (
			);
			inputPaths = (
			);
			name = "[CP] Copy Pods Resources";
			outputPaths = (
			);
			runOnlyForDeploymentPostprocessing = 0;
			shellPath = /bin/sh;
			shellScript = "\"${SRCROOT}/Pods/Target Support Files/Pods-testAmazonRekognitionSearchFaceTests/Pods-testAmazonRekognitionSearchFaceTests-resources.sh\"\n";
			showEnvVarsInLog = 0;
		};
		83334795AD4B2A5D2A4F0F99 /* [CP] Copy Pods Resources */ = {
			isa = PBXShellScriptBuildPhase;
			buildActionMask = 2147483647;
			files = (
			);
			inputPaths = (
			);
			name = "[CP] Copy Pods Resources";
			outputPaths = (
			);
			runOnlyForDeploymentPostprocessing = 0;
			shellPath = /bin/sh;
			shellScript = "\"${SRCROOT}/Pods/Target Support Files/Pods-testAmazonRekognitionSearchFaceUITests/Pods-testAmazonRekognitionSearchFaceUITests-resources.sh\"\n";
			showEnvVarsInLog = 0;
		};
		8A9B6E48CC0F48F1D0B3846D /* [CP] Check Pods Manifest.lock */ = {
			isa = PBXShellScriptBuildPhase;
			buildActionMask = 2147483647;
			files = (
			);
			inputPaths = (
				"${PODS_PODFILE_DIR_PATH}/Podfile.lock",
				"${PODS_ROOT}/Manifest.lock",
			);
			name = "[CP] Check Pods Manifest.lock";
			outputPaths = (
				"$(DERIVED_FILE_DIR)/Pods-testAmazonRekognitionSearchFace-checkManifestLockResult.txt",
			);
			runOnlyForDeploymentPostprocessing = 0;
			shellPath = /bin/sh;
			shellScript = "diff \"${PODS_PODFILE_DIR_PATH}/Podfile.lock\" \"${PODS_ROOT}/Manifest.lock\" > /dev/null\nif [ $? != 0 ] ; then\n    # print error to STDERR\n    echo \"error: The sandbox is not in sync with the Podfile.lock. Run 'pod install' or update your CocoaPods installation.\" >&2\n    exit 1\nfi\n# This output is used by Xcode 'outputs' to avoid re-running this script phase.\necho \"SUCCESS\" > \"${SCRIPT_OUTPUT_FILE_0}\"\n";
			showEnvVarsInLog = 0;
		};
		A717218ACEC4A1605368974D /* [CP] Check Pods Manifest.lock */ = {
			isa = PBXShellScriptBuildPhase;
			buildActionMask = 2147483647;
			files = (
			);
			inputPaths = (
				"${PODS_PODFILE_DIR_PATH}/Podfile.lock",
				"${PODS_ROOT}/Manifest.lock",
			);
			name = "[CP] Check Pods Manifest.lock";
			outputPaths = (
				"$(DERIVED_FILE_DIR)/Pods-testAmazonRekognitionSearchFaceUITests-checkManifestLockResult.txt",
			);
			runOnlyForDeploymentPostprocessing = 0;
			shellPath = /bin/sh;
			shellScript = "diff \"${PODS_PODFILE_DIR_PATH}/Podfile.lock\" \"${PODS_ROOT}/Manifest.lock\" > /dev/null\nif [ $? != 0 ] ; then\n    # print error to STDERR\n    echo \"error: The sandbox is not in sync with the Podfile.lock. Run 'pod install' or update your CocoaPods installation.\" >&2\n    exit 1\nfi\n# This output is used by Xcode 'outputs' to avoid re-running this script phase.\necho \"SUCCESS\" > \"${SCRIPT_OUTPUT_FILE_0}\"\n";
			showEnvVarsInLog = 0;
		};
		B816731635F2D03616D4B979 /* [CP] Check Pods Manifest.lock */ = {
			isa = PBXShellScriptBuildPhase;
			buildActionMask = 2147483647;
			files = (
			);
			inputPaths = (
				"${PODS_PODFILE_DIR_PATH}/Podfile.lock",
				"${PODS_ROOT}/Manifest.lock",
			);
			name = "[CP] Check Pods Manifest.lock";
			outputPaths = (
				"$(DERIVED_FILE_DIR)/Pods-testAmazonRekognitionSearchFaceTests-checkManifestLockResult.txt",
			);
			runOnlyForDeploymentPostprocessing = 0;
			shellPath = /bin/sh;
			shellScript = "diff \"${PODS_PODFILE_DIR_PATH}/Podfile.lock\" \"${PODS_ROOT}/Manifest.lock\" > /dev/null\nif [ $? != 0 ] ; then\n    # print error to STDERR\n    echo \"error: The sandbox is not in sync with the Podfile.lock. Run 'pod install' or update your CocoaPods installation.\" >&2\n    exit 1\nfi\n# This output is used by Xcode 'outputs' to avoid re-running this script phase.\necho \"SUCCESS\" > \"${SCRIPT_OUTPUT_FILE_0}\"\n";
			showEnvVarsInLog = 0;
		};
		F1E4B340FD4FDCDA2A1502A5 /* [CP] Embed Pods Frameworks */ = {
			isa = PBXShellScriptBuildPhase;
			buildActionMask = 2147483647;
			files = (
			);
			inputPaths = (
			);
			name = "[CP] Embed Pods Frameworks";
			outputPaths = (
			);
			runOnlyForDeploymentPostprocessing = 0;
			shellPath = /bin/sh;
			shellScript = "\"${SRCROOT}/Pods/Target Support Files/Pods-testAmazonRekognitionSearchFaceTests/Pods-testAmazonRekognitionSearchFaceTests-frameworks.sh\"\n";
			showEnvVarsInLog = 0;
		};
/* End PBXShellScriptBuildPhase section */

/* Begin PBXSourcesBuildPhase section */
		1C2FB38A2032EAFF0045AC88 /* Sources */ = {
			isa = PBXSourcesBuildPhase;
			buildActionMask = 2147483647;
			files = (
				1C2FB3C22032EE390045AC88 /* ExtensionViewController.swift in Sources */,
				1C2FB3942032EAFF0045AC88 /* ViewController.swift in Sources */,
				1C2FB3C02032EDA20045AC88 /* ExtensionAppDelegate.swift in Sources */,
				1C2FB3922032EAFF0045AC88 /* AppDelegate.swift in Sources */,
			);
			runOnlyForDeploymentPostprocessing = 0;
		};
		1C2FB39E2032EAFF0045AC88 /* Sources */ = {
			isa = PBXSourcesBuildPhase;
			buildActionMask = 2147483647;
			files = (
				1C2FB3A72032EAFF0045AC88 /* testAmazonRekognitionSearchFaceTests.swift in Sources */,
			);
			runOnlyForDeploymentPostprocessing = 0;
		};
		1C2FB3A92032EAFF0045AC88 /* Sources */ = {
			isa = PBXSourcesBuildPhase;
			buildActionMask = 2147483647;
			files = (
				1C2FB3B22032EAFF0045AC88 /* testAmazonRekognitionSearchFaceUITests.swift in Sources */,
			);
			runOnlyForDeploymentPostprocessing = 0;
		};
/* End PBXSourcesBuildPhase section */

/* Begin PBXTargetDependency section */
		1C2FB3A42032EAFF0045AC88 /* PBXTargetDependency */ = {
			isa = PBXTargetDependency;
			target = 1C2FB38D2032EAFF0045AC88 /* testAmazonRekognitionSearchFace */;
			targetProxy = 1C2FB3A32032EAFF0045AC88 /* PBXContainerItemProxy */;
		};
		1C2FB3AF2032EAFF0045AC88 /* PBXTargetDependency */ = {
			isa = PBXTargetDependency;
			target = 1C2FB38D2032EAFF0045AC88 /* testAmazonRekognitionSearchFace */;
			targetProxy = 1C2FB3AE2032EAFF0045AC88 /* PBXContainerItemProxy */;
		};
/* End PBXTargetDependency section */

/* Begin PBXVariantGroup section */
		1C2FB3952032EAFF0045AC88 /* Main.storyboard */ = {
			isa = PBXVariantGroup;
			children = (
				1C2FB3962032EAFF0045AC88 /* Base */,
			);
			name = Main.storyboard;
			sourceTree = "<group>";
		};
		1C2FB39A2032EAFF0045AC88 /* LaunchScreen.storyboard */ = {
			isa = PBXVariantGroup;
			children = (
				1C2FB39B2032EAFF0045AC88 /* Base */,
			);
			name = LaunchScreen.storyboard;
			sourceTree = "<group>";
		};
/* End PBXVariantGroup section */

/* Begin XCBuildConfiguration section */
		1C2FB3B42032EAFF0045AC88 /* Debug */ = {
			isa = XCBuildConfiguration;
			buildSettings = {
				ALWAYS_SEARCH_USER_PATHS = NO;
				CLANG_ANALYZER_NONNULL = YES;
				CLANG_ANALYZER_NUMBER_OBJECT_CONVERSION = YES_AGGRESSIVE;
				CLANG_CXX_LANGUAGE_STANDARD = "gnu++14";
				CLANG_CXX_LIBRARY = "libc++";
				CLANG_ENABLE_MODULES = YES;
				CLANG_ENABLE_OBJC_ARC = YES;
				CLANG_WARN_BLOCK_CAPTURE_AUTORELEASING = YES;
				CLANG_WARN_BOOL_CONVERSION = YES;
				CLANG_WARN_COMMA = YES;
				CLANG_WARN_CONSTANT_CONVERSION = YES;
				CLANG_WARN_DIRECT_OBJC_ISA_USAGE = YES_ERROR;
				CLANG_WARN_DOCUMENTATION_COMMENTS = YES;
				CLANG_WARN_EMPTY_BODY = YES;
				CLANG_WARN_ENUM_CONVERSION = YES;
				CLANG_WARN_INFINITE_RECURSION = YES;
				CLANG_WARN_INT_CONVERSION = YES;
				CLANG_WARN_NON_LITERAL_NULL_CONVERSION = YES;
				CLANG_WARN_OBJC_LITERAL_CONVERSION = YES;
				CLANG_WARN_OBJC_ROOT_CLASS = YES_ERROR;
				CLANG_WARN_RANGE_LOOP_ANALYSIS = YES;
				CLANG_WARN_STRICT_PROTOTYPES = YES;
				CLANG_WARN_SUSPICIOUS_MOVE = YES;
				CLANG_WARN_UNGUARDED_AVAILABILITY = YES_AGGRESSIVE;
				CLANG_WARN_UNREACHABLE_CODE = YES;
				CLANG_WARN__DUPLICATE_METHOD_MATCH = YES;
				CODE_SIGN_IDENTITY = "iPhone Developer";
				COPY_PHASE_STRIP = NO;
				DEBUG_INFORMATION_FORMAT = dwarf;
				ENABLE_STRICT_OBJC_MSGSEND = YES;
				ENABLE_TESTABILITY = YES;
				GCC_C_LANGUAGE_STANDARD = gnu11;
				GCC_DYNAMIC_NO_PIC = NO;
				GCC_NO_COMMON_BLOCKS = YES;
				GCC_OPTIMIZATION_LEVEL = 0;
				GCC_PREPROCESSOR_DEFINITIONS = (
					"DEBUG=1",
					"$(inherited)",
				);
				GCC_WARN_64_TO_32_BIT_CONVERSION = YES;
				GCC_WARN_ABOUT_RETURN_TYPE = YES_ERROR;
				GCC_WARN_UNDECLARED_SELECTOR = YES;
				GCC_WARN_UNINITIALIZED_AUTOS = YES_AGGRESSIVE;
				GCC_WARN_UNUSED_FUNCTION = YES;
				GCC_WARN_UNUSED_VARIABLE = YES;
				IPHONEOS_DEPLOYMENT_TARGET = 11.2;
				MTL_ENABLE_DEBUG_INFO = YES;
				ONLY_ACTIVE_ARCH = YES;
				SDKROOT = iphoneos;
				SWIFT_ACTIVE_COMPILATION_CONDITIONS = DEBUG;
				SWIFT_OPTIMIZATION_LEVEL = "-Onone";
			};
			name = Debug;
		};
		1C2FB3B52032EAFF0045AC88 /* Release */ = {
			isa = XCBuildConfiguration;
			buildSettings = {
				ALWAYS_SEARCH_USER_PATHS = NO;
				CLANG_ANALYZER_NONNULL = YES;
				CLANG_ANALYZER_NUMBER_OBJECT_CONVERSION = YES_AGGRESSIVE;
				CLANG_CXX_LANGUAGE_STANDARD = "gnu++14";
				CLANG_CXX_LIBRARY = "libc++";
				CLANG_ENABLE_MODULES = YES;
				CLANG_ENABLE_OBJC_ARC = YES;
				CLANG_WARN_BLOCK_CAPTURE_AUTORELEASING = YES;
				CLANG_WARN_BOOL_CONVERSION = YES;
				CLANG_WARN_COMMA = YES;
				CLANG_WARN_CONSTANT_CONVERSION = YES;
				CLANG_WARN_DIRECT_OBJC_ISA_USAGE = YES_ERROR;
				CLANG_WARN_DOCUMENTATION_COMMENTS = YES;
				CLANG_WARN_EMPTY_BODY = YES;
				CLANG_WARN_ENUM_CONVERSION = YES;
				CLANG_WARN_INFINITE_RECURSION = YES;
				CLANG_WARN_INT_CONVERSION = YES;
				CLANG_WARN_NON_LITERAL_NULL_CONVERSION = YES;
				CLANG_WARN_OBJC_LITERAL_CONVERSION = YES;
				CLANG_WARN_OBJC_ROOT_CLASS = YES_ERROR;
				CLANG_WARN_RANGE_LOOP_ANALYSIS = YES;
				CLANG_WARN_STRICT_PROTOTYPES = YES;
				CLANG_WARN_SUSPICIOUS_MOVE = YES;
				CLANG_WARN_UNGUARDED_AVAILABILITY = YES_AGGRESSIVE;
				CLANG_WARN_UNREACHABLE_CODE = YES;
				CLANG_WARN__DUPLICATE_METHOD_MATCH = YES;
				CODE_SIGN_IDENTITY = "iPhone Developer";
				COPY_PHASE_STRIP = NO;
				DEBUG_INFORMATION_FORMAT = "dwarf-with-dsym";
				ENABLE_NS_ASSERTIONS = NO;
				ENABLE_STRICT_OBJC_MSGSEND = YES;
				GCC_C_LANGUAGE_STANDARD = gnu11;
				GCC_NO_COMMON_BLOCKS = YES;
				GCC_WARN_64_TO_32_BIT_CONVERSION = YES;
				GCC_WARN_ABOUT_RETURN_TYPE = YES_ERROR;
				GCC_WARN_UNDECLARED_SELECTOR = YES;
				GCC_WARN_UNINITIALIZED_AUTOS = YES_AGGRESSIVE;
				GCC_WARN_UNUSED_FUNCTION = YES;
				GCC_WARN_UNUSED_VARIABLE = YES;
				IPHONEOS_DEPLOYMENT_TARGET = 11.2;
				MTL_ENABLE_DEBUG_INFO = NO;
				SDKROOT = iphoneos;
				SWIFT_OPTIMIZATION_LEVEL = "-Owholemodule";
				VALIDATE_PRODUCT = YES;
			};
			name = Release;
		};
		1C2FB3B72032EAFF0045AC88 /* Debug */ = {
			isa = XCBuildConfiguration;
			baseConfigurationReference = 57A3D9829C5577283F1CEF65 /* Pods-testAmazonRekognitionSearchFace.debug.xcconfig */;
			buildSettings = {
				ASSETCATALOG_COMPILER_APPICON_NAME = AppIcon;
				CODE_SIGN_STYLE = Automatic;
				DEVELOPMENT_TEAM = Q4N56BM5RN;
				INFOPLIST_FILE = testAmazonRekognitionSearchFace/Info.plist;
				LD_RUNPATH_SEARCH_PATHS = "$(inherited) @executable_path/Frameworks";
				PRODUCT_BUNDLE_IDENTIFIER = com.liquid.testAmazonRekognitionSearchFace;
				PRODUCT_NAME = "$(TARGET_NAME)";
				SWIFT_VERSION = 4.0;
				TARGETED_DEVICE_FAMILY = 2;
			};
			name = Debug;
		};
		1C2FB3B82032EAFF0045AC88 /* Release */ = {
			isa = XCBuildConfiguration;
			baseConfigurationReference = C446656D2B4D2E386ED2D053 /* Pods-testAmazonRekognitionSearchFace.release.xcconfig */;
			buildSettings = {
				ASSETCATALOG_COMPILER_APPICON_NAME = AppIcon;
				CODE_SIGN_STYLE = Automatic;
				DEVELOPMENT_TEAM = Q4N56BM5RN;
				INFOPLIST_FILE = testAmazonRekognitionSearchFace/Info.plist;
				LD_RUNPATH_SEARCH_PATHS = "$(inherited) @executable_path/Frameworks";
				PRODUCT_BUNDLE_IDENTIFIER = com.liquid.testAmazonRekognitionSearchFace;
				PRODUCT_NAME = "$(TARGET_NAME)";
				SWIFT_VERSION = 4.0;
				TARGETED_DEVICE_FAMILY = 2;
			};
			name = Release;
		};
		1C2FB3BA2032EAFF0045AC88 /* Debug */ = {
			isa = XCBuildConfiguration;
			baseConfigurationReference = 46F9F19E6356C8FDA16BDD25 /* Pods-testAmazonRekognitionSearchFaceTests.debug.xcconfig */;
			buildSettings = {
				ALWAYS_EMBED_SWIFT_STANDARD_LIBRARIES = YES;
				BUNDLE_LOADER = "$(TEST_HOST)";
				CODE_SIGN_STYLE = Automatic;
				DEVELOPMENT_TEAM = Q4N56BM5RN;
				INFOPLIST_FILE = testAmazonRekognitionSearchFaceTests/Info.plist;
				LD_RUNPATH_SEARCH_PATHS = "$(inherited) @executable_path/Frameworks @loader_path/Frameworks";
				PRODUCT_BUNDLE_IDENTIFIER = com.liquid.testAmazonRekognitionSearchFaceTests;
				PRODUCT_NAME = "$(TARGET_NAME)";
				SWIFT_VERSION = 4.0;
				TARGETED_DEVICE_FAMILY = "1,2";
				TEST_HOST = "$(BUILT_PRODUCTS_DIR)/testAmazonRekognitionSearchFace.app/testAmazonRekognitionSearchFace";
			};
			name = Debug;
		};
		1C2FB3BB2032EAFF0045AC88 /* Release */ = {
			isa = XCBuildConfiguration;
			baseConfigurationReference = 153F396DB3E877FF375FA0CF /* Pods-testAmazonRekognitionSearchFaceTests.release.xcconfig */;
			buildSettings = {
				ALWAYS_EMBED_SWIFT_STANDARD_LIBRARIES = YES;
				BUNDLE_LOADER = "$(TEST_HOST)";
				CODE_SIGN_STYLE = Automatic;
				DEVELOPMENT_TEAM = Q4N56BM5RN;
				INFOPLIST_FILE = testAmazonRekognitionSearchFaceTests/Info.plist;
				LD_RUNPATH_SEARCH_PATHS = "$(inherited) @executable_path/Frameworks @loader_path/Frameworks";
				PRODUCT_BUNDLE_IDENTIFIER = com.liquid.testAmazonRekognitionSearchFaceTests;
				PRODUCT_NAME = "$(TARGET_NAME)";
				SWIFT_VERSION = 4.0;
				TARGETED_DEVICE_FAMILY = "1,2";
				TEST_HOST = "$(BUILT_PRODUCTS_DIR)/testAmazonRekognitionSearchFace.app/testAmazonRekognitionSearchFace";
			};
			name = Release;
		};
		1C2FB3BD2032EAFF0045AC88 /* Debug */ = {
			isa = XCBuildConfiguration;
			baseConfigurationReference = E3D60E699542B111B948B8EE /* Pods-testAmazonRekognitionSearchFaceUITests.debug.xcconfig */;
			buildSettings = {
				ALWAYS_EMBED_SWIFT_STANDARD_LIBRARIES = YES;
				CODE_SIGN_STYLE = Automatic;
				DEVELOPMENT_TEAM = Q4N56BM5RN;
				INFOPLIST_FILE = testAmazonRekognitionSearchFaceUITests/Info.plist;
				LD_RUNPATH_SEARCH_PATHS = "$(inherited) @executable_path/Frameworks @loader_path/Frameworks";
				PRODUCT_BUNDLE_IDENTIFIER = com.liquid.testAmazonRekognitionSearchFaceUITests;
				PRODUCT_NAME = "$(TARGET_NAME)";
				SWIFT_VERSION = 4.0;
				TARGETED_DEVICE_FAMILY = "1,2";
				TEST_TARGET_NAME = testAmazonRekognitionSearchFace;
			};
			name = Debug;
		};
		1C2FB3BE2032EAFF0045AC88 /* Release */ = {
			isa = XCBuildConfiguration;
			baseConfigurationReference = 268FA90928BC3BF38A2BC223 /* Pods-testAmazonRekognitionSearchFaceUITests.release.xcconfig */;
			buildSettings = {
				ALWAYS_EMBED_SWIFT_STANDARD_LIBRARIES = YES;
				CODE_SIGN_STYLE = Automatic;
				DEVELOPMENT_TEAM = Q4N56BM5RN;
				INFOPLIST_FILE = testAmazonRekognitionSearchFaceUITests/Info.plist;
				LD_RUNPATH_SEARCH_PATHS = "$(inherited) @executable_path/Frameworks @loader_path/Frameworks";
				PRODUCT_BUNDLE_IDENTIFIER = com.liquid.testAmazonRekognitionSearchFaceUITests;
				PRODUCT_NAME = "$(TARGET_NAME)";
				SWIFT_VERSION = 4.0;
				TARGETED_DEVICE_FAMILY = "1,2";
				TEST_TARGET_NAME = testAmazonRekognitionSearchFace;
			};
			name = Release;
		};
/* End XCBuildConfiguration section */

/* Begin XCConfigurationList section */
		1C2FB3892032EAFF0045AC88 /* Build configuration list for PBXProject "testAmazonRekognitionSearchFace" */ = {
			isa = XCConfigurationList;
			buildConfigurations = (
				1C2FB3B42032EAFF0045AC88 /* Debug */,
				1C2FB3B52032EAFF0045AC88 /* Release */,
			);
			defaultConfigurationIsVisible = 0;
			defaultConfigurationName = Release;
		};
		1C2FB3B62032EAFF0045AC88 /* Build configuration list for PBXNativeTarget "testAmazonRekognitionSearchFace" */ = {
			isa = XCConfigurationList;
			buildConfigurations = (
				1C2FB3B72032EAFF0045AC88 /* Debug */,
				1C2FB3B82032EAFF0045AC88 /* Release */,
			);
			defaultConfigurationIsVisible = 0;
			defaultConfigurationName = Release;
		};
		1C2FB3B92032EAFF0045AC88 /* Build configuration list for PBXNativeTarget "testAmazonRekognitionSearchFaceTests" */ = {
			isa = XCConfigurationList;
			buildConfigurations = (
				1C2FB3BA2032EAFF0045AC88 /* Debug */,
				1C2FB3BB2032EAFF0045AC88 /* Release */,
			);
			defaultConfigurationIsVisible = 0;
			defaultConfigurationName = Release;
		};
		1C2FB3BC2032EAFF0045AC88 /* Build configuration list for PBXNativeTarget "testAmazonRekognitionSearchFaceUITests" */ = {
			isa = XCConfigurationList;
			buildConfigurations = (
				1C2FB3BD2032EAFF0045AC88 /* Debug */,
				1C2FB3BE2032EAFF0045AC88 /* Release */,
			);
			defaultConfigurationIsVisible = 0;
			defaultConfigurationName = Release;
		};
/* End XCConfigurationList section */
	};
	rootObject = 1C2FB3862032EAFF0045AC88 /* Project object */;
}
